
Microsoft Visual Studio Solution File, Format Version 12.00
# Visual Studio Version 17
VisualStudioVersion = 17.0.32014.148
MinimumVisualStudioVersion = 10.0.40219.1
Project("{9A19103F-16F7-4668-BE54-9A1E7A4F7556}") = "CafIO.Business", "src\CafIO.Business\CafIO.Business.csproj", "{52240B88-0AB9-4CE3-B67A-AF60EC7D72B6}"
EndProject
Project("{9A19103F-16F7-4668-BE54-9A1E7A4F7556}") = "CafIO.Data", "src\CafIO.Data\CafIO.Data.csproj", "{95E1BDBC-207C-4BB8-BA95-59302D12DF9D}"
EndProject
Project("{FAE04EC0-301F-11D3-BF4B-00C04F79EFBC}") = "CafIO.Api", "src\CafIO.Api\CafIO.Api.csproj", "{42271D88-0265-4561-B9C4-96753D37496E}"
EndProject
Global
	GlobalSection(SolutionConfigurationPlatforms) = preSolution
		Debug|Any CPU = Debug|Any CPU
		Release|Any CPU = Release|Any CPU
	EndGlobalSection
	GlobalSection(ProjectConfigurationPlatforms) = postSolution
		{52240B88-0AB9-4CE3-B67A-AF60EC7D72B6}.Debug|Any CPU.ActiveCfg = Debug|Any CPU
		{52240B88-0AB9-4CE3-B67A-AF60EC7D72B6}.Debug|Any CPU.Build.0 = Debug|Any CPU
		{52240B88-0AB9-4CE3-B67A-AF60EC7D72B6}.Release|Any CPU.ActiveCfg = Release|Any CPU
		{52240B88-0AB9-4CE3-B67A-AF60EC7D72B6}.Release|Any CPU.Build.0 = Release|Any CPU
		{95E1BDBC-207C-4BB8-BA95-59302D12DF9D}.Debug|Any CPU.ActiveCfg = Debug|Any CPU
		{95E1BDBC-207C-4BB8-BA95-59302D12DF9D}.Debug|Any CPU.Build.0 = Debug|Any CPU
		{95E1BDBC-207C-4BB8-BA95-59302D12DF9D}.Release|Any CPU.ActiveCfg = Release|Any CPU
		{95E1BDBC-207C-4BB8-BA95-59302D12DF9D}.Release|Any CPU.Build.0 = Release|Any CPU
		{42271D88-0265-4561-B9C4-96753D37496E}.Debug|Any CPU.ActiveCfg = Debug|Any CPU
		{42271D88-0265-4561-B9C4-96753D37496E}.Debug|Any CPU.Build.0 = Debug|Any CPU
		{42271D88-0265-4561-B9C4-96753D37496E}.Release|Any CPU.ActiveCfg = Release|Any CPU
		{42271D88-0265-4561-B9C4-96753D37496E}.Release|Any CPU.Build.0 = Release|Any CPU
	EndGlobalSection
	GlobalSection(SolutionProperties) = preSolution
		HideSolutionNode = FALSE
	EndGlobalSection
	GlobalSection(ExtensibilityGlobals) = postSolution
		SolutionGuid = {6A0E42D9-DEAB-46D3-A4AF-0900006A7F0C}
	EndGlobalSection
EndGlobal
